
Microsoft Visual Studio Solution File, Format Version 12.00
# Visual Studio 15
VisualStudioVersion = 15.0.28307.489
MinimumVisualStudioVersion = 10.0.40219.1
Project("{FAE04EC0-301F-11D3-BF4B-00C04F79EFBC}") = "restlessmedia.Module.Place", "src\restlessmedia.Module.Place.csproj", "{A2C046D9-DDA2-4FA6-A225-918B72901D05}"
EndProject
Project("{2150E333-8FDC-42A3-9474-1A3956D46DE8}") = "Solution Items", "Solution Items", "{B6F4D0BE-3179-4283-AE8A-04C6D9CD5DC9}"
	ProjectSection(SolutionItems) = preProject
		.gitignore = .gitignore
		appveyor.yml = appveyor.yml
		nuget.config = nuget.config
		README.md = README.md
	EndProjectSection
EndProject
Global
	GlobalSection(SolutionConfigurationPlatforms) = preSolution
		Debug|Any CPU = Debug|Any CPU
		Release|Any CPU = Release|Any CPU
	EndGlobalSection
	GlobalSection(ProjectConfigurationPlatforms) = postSolution
		{A2C046D9-DDA2-4FA6-A225-918B72901D05}.Debug|Any CPU.ActiveCfg = Debug|Any CPU
		{A2C046D9-DDA2-4FA6-A225-918B72901D05}.Debug|Any CPU.Build.0 = Debug|Any CPU
		{A2C046D9-DDA2-4FA6-A225-918B72901D05}.Release|Any CPU.ActiveCfg = Release|Any CPU
		{A2C046D9-DDA2-4FA6-A225-918B72901D05}.Release|Any CPU.Build.0 = Release|Any CPU
	EndGlobalSection
	GlobalSection(SolutionProperties) = preSolution
		HideSolutionNode = FALSE
	EndGlobalSection
	GlobalSection(ExtensibilityGlobals) = postSolution
		SolutionGuid = {41FF7E24-536D-4353-94E9-43FDD1A163E3}
		EnterpriseLibraryConfigurationToolBinariesPathV6 = packages\EnterpriseLibrary.Common.6.0.1304.0\lib\NET45;packages\EnterpriseLibrary.TransientFaultHandling.6.0.1304.0\lib\portable-net45+win+wp8
	EndGlobalSection
EndGlobal
